
Microsoft Visual Studio Solution File, Format Version 12.00
# Visual Studio 14
VisualStudioVersion = 14.0.25420.1
MinimumVisualStudioVersion = 10.0.40219.1
Project("{FAE04EC0-301F-11D3-BF4B-00C04F79EFBC}") = "BuildUp.Example.Web.UI", "BuildUp.Example.Web.UI\BuildUp.Example.Web.UI.csproj", "{677E0192-AC6B-49D6-BDC6-74A4FF41D425}"
EndProject
Project("{FAE04EC0-301F-11D3-BF4B-00C04F79EFBC}") = "BuildUp.Example.Web", "BuildUp.Example.Web\BuildUp.Example.Web.csproj", "{EE597CB4-B3F9-400D-9E4E-96DCE3693BC3}"
EndProject
Project("{FAE04EC0-301F-11D3-BF4B-00C04F79EFBC}") = "BuildUp.Example.ContentModels", "BuildUp.Example.ContentModels\BuildUp.Example.ContentModels.csproj", "{FCB34DB6-A0F7-470C-BFE3-B9EC6394D736}"
EndProject
Global
	GlobalSection(SolutionConfigurationPlatforms) = preSolution
		Debug|Any CPU = Debug|Any CPU
		Release|Any CPU = Release|Any CPU
	EndGlobalSection
	GlobalSection(ProjectConfigurationPlatforms) = postSolution
		{677E0192-AC6B-49D6-BDC6-74A4FF41D425}.Debug|Any CPU.ActiveCfg = Debug|Any CPU
		{677E0192-AC6B-49D6-BDC6-74A4FF41D425}.Debug|Any CPU.Build.0 = Debug|Any CPU
		{677E0192-AC6B-49D6-BDC6-74A4FF41D425}.Release|Any CPU.ActiveCfg = Release|Any CPU
		{677E0192-AC6B-49D6-BDC6-74A4FF41D425}.Release|Any CPU.Build.0 = Release|Any CPU
		{EE597CB4-B3F9-400D-9E4E-96DCE3693BC3}.Debug|Any CPU.ActiveCfg = Debug|Any CPU
		{EE597CB4-B3F9-400D-9E4E-96DCE3693BC3}.Debug|Any CPU.Build.0 = Debug|Any CPU
		{EE597CB4-B3F9-400D-9E4E-96DCE3693BC3}.Release|Any CPU.ActiveCfg = Release|Any CPU
		{EE597CB4-B3F9-400D-9E4E-96DCE3693BC3}.Release|Any CPU.Build.0 = Release|Any CPU
		{FCB34DB6-A0F7-470C-BFE3-B9EC6394D736}.Debug|Any CPU.ActiveCfg = Debug|Any CPU
		{FCB34DB6-A0F7-470C-BFE3-B9EC6394D736}.Debug|Any CPU.Build.0 = Debug|Any CPU
		{FCB34DB6-A0F7-470C-BFE3-B9EC6394D736}.Release|Any CPU.ActiveCfg = Release|Any CPU
		{FCB34DB6-A0F7-470C-BFE3-B9EC6394D736}.Release|Any CPU.Build.0 = Release|Any CPU
	EndGlobalSection
	GlobalSection(SolutionProperties) = preSolution
		HideSolutionNode = FALSE
	EndGlobalSection
EndGlobal
